<?xml version="1.0" encoding="utf-8"?>
<Project ToolsVersion="4.0" xmlns="http://schemas.microsoft.com/developer/msbuild/2003">
  <ItemGroup>
    <Filter Include="소스 파일">
      <UniqueIdentifier>{4FC737F1-C7A5-4376-A066-2A32D752A2FF}</UniqueIdentifier>
      <Extensions>cpp;c;cc;cxx;c++;cppm;ixx;def;odl;idl;hpj;bat;asm;asmx</Extensions>
    </Filter>
    <Filter Include="헤더 파일">
      <UniqueIdentifier>{93995380-89BD-4b04-88EB-625FBE52EBFB}</UniqueIdentifier>
      <Extensions>h;hh;hpp;hxx;h++;hm;inl;inc;ipp;xsd</Extensions>
    </Filter>
    <Filter Include="리소스 파일">
      <UniqueIdentifier>{67DA6AB6-F800-4c08-8B7A-83BB121AAD01}</UniqueIdentifier>
      <Extensions>rc;ico;cur;bmp;dlg;rc2;rct;bin;rgs;gif;jpg;jpeg;jpe;resx;tiff;tif;png;wav;mfcribbon-ms</Extensions>
    </Filter>
    <Filter Include="소스 파일\MGR">
      <UniqueIdentifier>{12801e77-6a8c-4148-87eb-a536f9d04c5b}</UniqueIdentifier>
    </Filter>
    <Filter Include="소스 파일\DESIGN">
      <UniqueIdentifier>{ed5a9411-933c-4c00-af5d-6e33e68a6abc}</UniqueIdentifier>
    </Filter>
    <Filter Include="소스 파일\OBJ">
      <UniqueIdentifier>{72693f75-e359-47f2-ab2e-398b9d13e27c}</UniqueIdentifier>
    </Filter>
    <Filter Include="소스 파일\SCENE">
      <UniqueIdentifier>{143c67b5-48e5-4a21-8206-67e570e6dac0}</UniqueIdentifier>
    </Filter>
    <Filter Include="소스 파일\OBJ\UI_DBG_PANEL">
      <UniqueIdentifier>{89221537-7027-41d6-a5d0-88836676dcdf}</UniqueIdentifier>
    </Filter>
    <Filter Include="소스 파일\OBJ\UI">
      <UniqueIdentifier>{ebbd2d3a-6fd9-4b1f-adcc-aae8b1008722}</UniqueIdentifier>
    </Filter>
    <Filter Include="소스 파일\OBJ\LINE">
      <UniqueIdentifier>{76908f58-3209-4eaf-a7a6-e6a8ee68a088}</UniqueIdentifier>
    </Filter>
    <Filter Include="소스 파일\OBJ\PLAYER">
      <UniqueIdentifier>{682153fd-8d6f-410f-adc2-15a9447808c9}</UniqueIdentifier>
    </Filter>
    <Filter Include="소스 파일\OBJ\THINGS">
      <UniqueIdentifier>{55f2953d-fe24-4694-8bb6-5f90fd6e9a6a}</UniqueIdentifier>
    </Filter>
    <Filter Include="소스 파일\OBJ\MONSTER">
      <UniqueIdentifier>{f2998a17-b61a-4207-8648-60c35bdb0320}</UniqueIdentifier>
    </Filter>
    <Filter Include="소스 파일\OBJ\BOSS">
      <UniqueIdentifier>{20e419e6-7ec4-4aad-a407-dc89a2de5a24}</UniqueIdentifier>
    </Filter>
    <Filter Include="소스 파일\OBJ\RECT">
      <UniqueIdentifier>{76e93945-a486-43a5-8170-cb14ce240775}</UniqueIdentifier>
    </Filter>
    <Filter Include="소스 파일\OBJ\GAME_UI">
      <UniqueIdentifier>{ac3fa43a-2c86-4464-b334-469a64324c2a}</UniqueIdentifier>
    </Filter>
    <Filter Include="소스 파일\OBJ\PLAYER2">
      <UniqueIdentifier>{b3187c3b-7c6b-4dcb-9cb1-ddb8256d8585}</UniqueIdentifier>
    </Filter>
    <Filter Include="소스 파일\OBJ\TUTO">
      <UniqueIdentifier>{c6812e5b-9ab7-42ac-a2f5-92d9a12e2579}</UniqueIdentifier>
    </Filter>
    <Filter Include="소스 파일\SCENE\INGAME">
      <UniqueIdentifier>{689bc05c-03bb-4111-b6bb-55953ee3f729}</UniqueIdentifier>
    </Filter>
    <Filter Include="소스 파일\OBJ\MONSTER\Defender">
      <UniqueIdentifier>{62addf75-565c-447a-9fa0-1f3c3dbdfeef}</UniqueIdentifier>
    </Filter>
    <Filter Include="소스 파일\OBJ\MONSTER\Daughter">
      <UniqueIdentifier>{69df6b09-f60a-4ef9-8353-a05475f84a8b}</UniqueIdentifier>
    </Filter>
    <Filter Include="소스 파일\OBJ\MONSTER\DummyFloater">
      <UniqueIdentifier>{ec401892-8714-47ec-93eb-5e3f5e688b18}</UniqueIdentifier>
    </Filter>
    <Filter Include="소스 파일\OBJ\MONSTER\DummyRobot">
      <UniqueIdentifier>{36eb3f99-4012-4e46-b662-6436f7954fa9}</UniqueIdentifier>
    </Filter>
    <Filter Include="소스 파일\OBJ\MONSTER\FloatingBomb">
      <UniqueIdentifier>{9245dc3f-882a-4078-870f-6a2cc24d54a0}</UniqueIdentifier>
    </Filter>
    <Filter Include="소스 파일\OBJ\MONSTER\SurveyDrone">
      <UniqueIdentifier>{c93930f7-7214-4dd0-9116-4416178c04dd}</UniqueIdentifier>
    </Filter>
    <Filter Include="소스 파일\OBJ\MONSTER\Trooper">
      <UniqueIdentifier>{def662f9-c0b1-483f-b10e-b8516d9f7604}</UniqueIdentifier>
    </Filter>
    <Filter Include="소스 파일\OBJ\MONSTER\Warrior">
      <UniqueIdentifier>{2293b133-a083-45b9-922b-fb324c125929}</UniqueIdentifier>
    </Filter>
  </ItemGroup>
  <ItemGroup>
    <ClInclude Include="framework.h">
      <Filter>헤더 파일</Filter>
    </ClInclude>
    <ClInclude Include="targetver.h">
      <Filter>헤더 파일</Filter>
    </ClInclude>
    <ClInclude Include="Resource.h">
      <Filter>헤더 파일</Filter>
    </ClInclude>
    <ClInclude Include="Start.h">
      <Filter>헤더 파일</Filter>
    </ClInclude>
    <ClInclude Include="pch.h">
      <Filter>헤더 파일</Filter>
    </ClInclude>
    <ClInclude Include="CMainGame.h">
      <Filter>소스 파일</Filter>
    </ClInclude>
    <ClInclude Include="CAbstractFactory.h">
      <Filter>소스 파일\DESIGN</Filter>
    </ClInclude>
    <ClInclude Include="CObjMgr.h">
      <Filter>소스 파일\MGR</Filter>
    </ClInclude>
    <ClInclude Include="CSceneMgr.h">
      <Filter>소스 파일\MGR</Filter>
    </ClInclude>
    <ClInclude Include="CBmpMgr.h">
      <Filter>소스 파일\MGR</Filter>
    </ClInclude>
    <ClInclude Include="Define.h">
      <Filter>소스 파일</Filter>
    </ClInclude>
    <ClInclude Include="CObj.h">
      <Filter>소스 파일\OBJ</Filter>
    </ClInclude>
    <ClInclude Include="CScene.h">
      <Filter>소스 파일\SCENE</Filter>
    </ClInclude>
    <ClInclude Include="CKeyMgr.h">
      <Filter>소스 파일\MGR</Filter>
    </ClInclude>
    <ClInclude Include="CTimeMgr.h">
      <Filter>소스 파일\MGR</Filter>
    </ClInclude>
    <ClInclude Include="CMyBitmap.h">
      <Filter>소스 파일\MGR</Filter>
    </ClInclude>
    <ClInclude Include="Mgrs.h">
      <Filter>소스 파일\MGR</Filter>
    </ClInclude>
    <ClInclude Include="CObjButton.h">
      <Filter>소스 파일\OBJ</Filter>
    </ClInclude>
    <ClInclude Include="CSceneStage.h">
      <Filter>소스 파일\SCENE</Filter>
    </ClInclude>
    <ClInclude Include="CScrollMgr.h">
      <Filter>소스 파일\MGR</Filter>
    </ClInclude>
    <ClInclude Include="CSceneTestUI.h">
      <Filter>소스 파일\SCENE</Filter>
    </ClInclude>
    <ClInclude Include="CObjMouse.h">
      <Filter>소스 파일\OBJ</Filter>
    </ClInclude>
    <ClInclude Include="CUIObjDbgPanel.h">
      <Filter>소스 파일\OBJ\UI_DBG_PANEL</Filter>
    </ClInclude>
    <ClInclude Include="CUIObjInfoDbgPanel.h">
      <Filter>소스 파일\OBJ\UI_DBG_PANEL</Filter>
    </ClInclude>
    <ClInclude Include="CUIObjListDbgPanel.h">
      <Filter>소스 파일\OBJ\UI_DBG_PANEL</Filter>
    </ClInclude>
    <ClInclude Include="CUIObjPanel.h">
      <Filter>소스 파일\OBJ\UI</Filter>
    </ClInclude>
    <ClInclude Include="CUIObjRectButton.h">
      <Filter>소스 파일\OBJ\UI</Filter>
    </ClInclude>
    <ClInclude Include="CUIObjSceneDbgPanel.h">
      <Filter>소스 파일\OBJ\UI_DBG_PANEL</Filter>
    </ClInclude>
    <ClInclude Include="CUIObjText.h">
      <Filter>소스 파일\OBJ\UI</Filter>
    </ClInclude>
    <ClInclude Include="CUIObjBmpDbgPannel.h">
      <Filter>소스 파일\OBJ\UI_DBG_PANEL</Filter>
    </ClInclude>
    <ClInclude Include="CObjGrp.h">
      <Filter>소스 파일\OBJ</Filter>
    </ClInclude>
    <ClInclude Include="CCollisionMgr.h">
      <Filter>소스 파일\MGR</Filter>
    </ClInclude>
    <ClInclude Include="CObjSprite.h">
      <Filter>소스 파일\OBJ</Filter>
    </ClInclude>
    <ClInclude Include="CSceneTileEdit.h">
      <Filter>소스 파일\SCENE</Filter>
    </ClInclude>
    <ClInclude Include="CUIObjTileEditDbgPanel.h">
      <Filter>소스 파일\OBJ\UI_DBG_PANEL</Filter>
    </ClInclude>
    <ClInclude Include="CEditMgr.h">
      <Filter>소스 파일\MGR</Filter>
    </ClInclude>
    <ClInclude Include="CObjEditArea.h">
      <Filter>소스 파일\OBJ</Filter>
    </ClInclude>
    <ClInclude Include="CObjTile.h">
      <Filter>소스 파일\OBJ</Filter>
    </ClInclude>
    <ClInclude Include="CObjLine.h">
      <Filter>소스 파일\OBJ\LINE</Filter>
    </ClInclude>
    <ClInclude Include="CObjPlayer.h">
      <Filter>소스 파일\OBJ\PLAYER</Filter>
    </ClInclude>
    <ClInclude Include="CObjInputController.h">
      <Filter>소스 파일\OBJ\PLAYER</Filter>
    </ClInclude>
    <ClInclude Include="CObjCollisionLine.h">
      <Filter>소스 파일\OBJ\LINE</Filter>
    </ClInclude>
    <ClInclude Include="CObjBossFireBird.h">
      <Filter>소스 파일\OBJ\BOSS</Filter>
    </ClInclude>
    <ClInclude Include="CObjThings.h">
      <Filter>소스 파일\OBJ\THINGS</Filter>
    </ClInclude>
    <ClInclude Include="CUIObjScrollDbgPanel.h">
      <Filter>소스 파일\OBJ\UI_DBG_PANEL</Filter>
    </ClInclude>
    <ClInclude Include="CObjMovable.h">
      <Filter>소스 파일\OBJ\PLAYER</Filter>
    </ClInclude>
    <ClInclude Include="CSceneLab.h">
      <Filter>소스 파일\SCENE</Filter>
    </ClInclude>
    <ClInclude Include="CObjCollisionRect.h">
      <Filter>소스 파일\OBJ\RECT</Filter>
    </ClInclude>
    <ClInclude Include="CObjRect.h">
      <Filter>소스 파일\OBJ\RECT</Filter>
    </ClInclude>
    <ClInclude Include="MyResource.h">
      <Filter>소스 파일</Filter>
    </ClInclude>
    <ClInclude Include="CObjGameUiChapterBtn.h">
      <Filter>소스 파일\OBJ\GAME_UI</Filter>
    </ClInclude>
    <ClInclude Include="CObjBossFireBirdWing.h">
      <Filter>소스 파일\OBJ\BOSS</Filter>
    </ClInclude>
    <ClInclude Include="CObjBossFireBirdGun.h">
      <Filter>소스 파일\OBJ\BOSS</Filter>
    </ClInclude>
    <ClInclude Include="CObjBg.h">
      <Filter>소스 파일\OBJ</Filter>
    </ClInclude>
    <ClInclude Include="CObjPlayerArm.h">
      <Filter>소스 파일\OBJ\PLAYER</Filter>
    </ClInclude>
    <ClInclude Include="CObjChain.h">
      <Filter>소스 파일\OBJ\PLAYER</Filter>
    </ClInclude>
    <ClInclude Include="CObjGrab.h">
      <Filter>소스 파일\OBJ\PLAYER</Filter>
    </ClInclude>
    <ClInclude Include="CObjHookGuide.h">
      <Filter>소스 파일\OBJ\PLAYER</Filter>
    </ClInclude>
    <ClInclude Include="CSceneLap2.h">
      <Filter>소스 파일\SCENE</Filter>
    </ClInclude>
    <ClInclude Include="CObjPlayerSprite.h">
      <Filter>소스 파일\OBJ\PLAYER</Filter>
    </ClInclude>
    <ClInclude Include="CObjBgBossBuilding.h">
      <Filter>소스 파일\OBJ\BOSS</Filter>
    </ClInclude>
    <ClInclude Include="CObjBgBossCloud.h">
      <Filter>소스 파일\OBJ\BOSS</Filter>
    </ClInclude>
    <ClInclude Include="CObjUnstableKnockbackPlatformA.h">
      <Filter>소스 파일\OBJ\BOSS</Filter>
    </ClInclude>
    <ClInclude Include="CObjBossFireBirdBomber.h">
      <Filter>소스 파일\OBJ\BOSS</Filter>
    </ClInclude>
    <ClInclude Include="CObjBossFirebirdBody.h">
      <Filter>소스 파일\OBJ\BOSS</Filter>
    </ClInclude>
    <ClInclude Include="CObjBossClusterAim.h">
      <Filter>소스 파일\OBJ\BOSS</Filter>
    </ClInclude>
    <ClInclude Include="CObjBossShootExplode.h">
      <Filter>소스 파일\OBJ\BOSS</Filter>
    </ClInclude>
    <ClInclude Include="CObjBossBullet.h">
      <Filter>소스 파일\OBJ\BOSS</Filter>
    </ClInclude>
    <ClInclude Include="CObjClusterBombExplode.h">
      <Filter>소스 파일\OBJ\BOSS</Filter>
    </ClInclude>
    <ClInclude Include="CObjBossBulletSprite.h">
      <Filter>소스 파일\OBJ\BOSS</Filter>
    </ClInclude>
    <ClInclude Include="CObjBossBodySlap.h">
      <Filter>소스 파일\OBJ\BOSS</Filter>
    </ClInclude>
    <ClInclude Include="CObjBossBodySlapAlert.h">
      <Filter>소스 파일\OBJ\BOSS</Filter>
    </ClInclude>
    <ClInclude Include="CObjClusterBombletExplode.h">
      <Filter>소스 파일\OBJ\BOSS</Filter>
    </ClInclude>
    <ClInclude Include="CObjUnstableKnockbackPlatformASprite.h">
      <Filter>소스 파일\OBJ\BOSS</Filter>
    </ClInclude>
    <ClInclude Include="CObjUnstableKnockbackPlatformABooster.h">
      <Filter>소스 파일\OBJ\BOSS</Filter>
    </ClInclude>
    <ClInclude Include="CObjBossBackHeli.h">
      <Filter>소스 파일\OBJ\BOSS</Filter>
    </ClInclude>
    <ClInclude Include="CObjPlayer2.h">
      <Filter>소스 파일\OBJ\PLAYER2</Filter>
    </ClInclude>
    <ClInclude Include="CObjPlayer2SNBSprite.h">
      <Filter>소스 파일\OBJ\PLAYER2</Filter>
    </ClInclude>
    <ClInclude Include="CObjPlayer2SNBARMSprite.h">
      <Filter>소스 파일\OBJ\PLAYER2</Filter>
    </ClInclude>
    <ClInclude Include="CObjPlayer2Grab.h">
      <Filter>소스 파일\OBJ\PLAYER2</Filter>
    </ClInclude>
    <ClInclude Include="CObjPlayer2GrabSprite.h">
      <Filter>소스 파일\OBJ\PLAYER2</Filter>
    </ClInclude>
    <ClInclude Include="CSoundMgr.h">
      <Filter>소스 파일\MGR</Filter>
    </ClInclude>
    <ClInclude Include="fmod.h">
      <Filter>헤더 파일</Filter>
    </ClInclude>
    <ClInclude Include="fmod.hpp">
      <Filter>헤더 파일</Filter>
    </ClInclude>
    <ClInclude Include="CKeyMgr2.h">
      <Filter>소스 파일\MGR</Filter>
    </ClInclude>
    <ClInclude Include="CObjBgTutoCloud.h">
      <Filter>소스 파일\OBJ\TUTO</Filter>
    </ClInclude>
    <ClInclude Include="CObjBgTutoMountain.h">
      <Filter>소스 파일\OBJ\TUTO</Filter>
    </ClInclude>
    <ClInclude Include="CObjTutoAni.h">
      <Filter>소스 파일\OBJ\TUTO</Filter>
    </ClInclude>
    <ClInclude Include="CSceneBoss.h">
      <Filter>소스 파일\SCENE\INGAME</Filter>
    </ClInclude>
    <ClInclude Include="CSceneTutorial.h">
      <Filter>소스 파일\SCENE\INGAME</Filter>
    </ClInclude>
    <ClInclude Include="CSceneMonster.h">
      <Filter>소스 파일\SCENE\INGAME</Filter>
    </ClInclude>
    <ClInclude Include="CObjMonster.h">
      <Filter>소스 파일\OBJ\MONSTER</Filter>
    </ClInclude>
    <ClInclude Include="CObjExplosionSprite.h">
      <Filter>소스 파일\OBJ\MONSTER</Filter>
    </ClInclude>
    <ClInclude Include="CObjMonsterBullet.h">
      <Filter>소스 파일\OBJ\MONSTER</Filter>
    </ClInclude>
    <ClInclude Include="CObjMonsterBulletSprite.h">
      <Filter>소스 파일\OBJ\MONSTER</Filter>
    </ClInclude>
    <ClInclude Include="CObjMonsterBulletBoomSprite.h">
      <Filter>소스 파일\OBJ\MONSTER</Filter>
    </ClInclude>
    <ClInclude Include="CObjMonsterDefender.h">
      <Filter>소스 파일\OBJ\MONSTER\Defender</Filter>
    </ClInclude>
    <ClInclude Include="CObjMonsterDefenderBullet.h">
      <Filter>소스 파일\OBJ\MONSTER\Defender</Filter>
    </ClInclude>
    <ClInclude Include="CObjMonsterDefenderBulletSprite.h">
      <Filter>소스 파일\OBJ\MONSTER\Defender</Filter>
    </ClInclude>
    <ClInclude Include="CObjMonsterDefenderSprite.h">
      <Filter>소스 파일\OBJ\MONSTER\Defender</Filter>
    </ClInclude>
    <ClInclude Include="CObjMonsterDaughterSprite.h">
      <Filter>소스 파일\OBJ\MONSTER\Daughter</Filter>
    </ClInclude>
    <ClInclude Include="CObjMonsterDaughter.h">
      <Filter>소스 파일\OBJ\MONSTER\Daughter</Filter>
    </ClInclude>
    <ClInclude Include="CObjMonsterDummyFloater.h">
      <Filter>소스 파일\OBJ\MONSTER\DummyFloater</Filter>
    </ClInclude>
    <ClInclude Include="CObjMonsterDummyFloaterSprite.h">
      <Filter>소스 파일\OBJ\MONSTER\DummyFloater</Filter>
    </ClInclude>
    <ClInclude Include="CObjMonsterDummyRobot.h">
      <Filter>소스 파일\OBJ\MONSTER\DummyRobot</Filter>
    </ClInclude>
    <ClInclude Include="CObjMonsterDummyRobotSprite.h">
      <Filter>소스 파일\OBJ\MONSTER\DummyRobot</Filter>
    </ClInclude>
    <ClInclude Include="CObjMonsterFloatingBomb.h">
      <Filter>소스 파일\OBJ\MONSTER\FloatingBomb</Filter>
    </ClInclude>
    <ClInclude Include="CObjMonsterFloatingBombHugeExplodeSprite.h">
      <Filter>소스 파일\OBJ\MONSTER\FloatingBomb</Filter>
    </ClInclude>
    <ClInclude Include="CObjMonsterFloatingBombSprite.h">
      <Filter>소스 파일\OBJ\MONSTER\FloatingBomb</Filter>
    </ClInclude>
    <ClInclude Include="CObjMonsterSurveyDroneSprite.h">
      <Filter>소스 파일\OBJ\MONSTER\SurveyDrone</Filter>
    </ClInclude>
    <ClInclude Include="CObjMonsterSurveyDrone.h">
      <Filter>소스 파일\OBJ\MONSTER\SurveyDrone</Filter>
    </ClInclude>
    <ClInclude Include="CObjMonsterTrooperSprite.h">
      <Filter>소스 파일\OBJ\MONSTER\Trooper</Filter>
    </ClInclude>
    <ClInclude Include="CObjMonsterTrooper.h">
      <Filter>소스 파일\OBJ\MONSTER\Trooper</Filter>
    </ClInclude>
    <ClInclude Include="CObjMonsterWarriorSprite.h">
      <Filter>소스 파일\OBJ\MONSTER\Warrior</Filter>
    </ClInclude>
    <ClInclude Include="CObjMonsterWarrior.h">
      <Filter>소스 파일\OBJ\MONSTER\Warrior</Filter>
    </ClInclude>
    <ClInclude Include="CObjMonsterMapBG.h">
      <Filter>소스 파일\OBJ</Filter>
    </ClInclude>
    <ClInclude Include="CObjTrigger.h">
      <Filter>소스 파일\OBJ</Filter>
    </ClInclude>
    <ClInclude Include="CSceneMenu.h">
      <Filter>소스 파일\SCENE\INGAME</Filter>
    </ClInclude>
    <ClInclude Include="CGameStorageMgr.h">
      <Filter>소스 파일\MGR</Filter>
    </ClInclude>
    <ClInclude Include="CSceneLogo.h">
      <Filter>소스 파일\SCENE\INGAME</Filter>
    </ClInclude>
  </ItemGroup>
  <ItemGroup>
    <ClCompile Include="Start.cpp">
      <Filter>소스 파일</Filter>
    </ClCompile>
    <ClCompile Include="pch.cpp">
      <Filter>소스 파일</Filter>
    </ClCompile>
    <ClCompile Include="CMainGame.cpp">
      <Filter>소스 파일</Filter>
    </ClCompile>
    <ClCompile Include="CObjMgr.cpp">
      <Filter>소스 파일\MGR</Filter>
    </ClCompile>
    <ClCompile Include="CSceneMgr.cpp">
      <Filter>소스 파일\MGR</Filter>
    </ClCompile>
    <ClCompile Include="CBmpMgr.cpp">
      <Filter>소스 파일\MGR</Filter>
    </ClCompile>
    <ClCompile Include="CObj.cpp">
      <Filter>소스 파일\OBJ</Filter>
    </ClCompile>
    <ClCompile Include="CKeyMgr.cpp">
      <Filter>소스 파일\MGR</Filter>
    </ClCompile>
    <ClCompile Include="CTimeMgr.cpp">
      <Filter>소스 파일\MGR</Filter>
    </ClCompile>
    <ClCompile Include="CMyBitmap.cpp">
      <Filter>소스 파일\MGR</Filter>
    </ClCompile>
    <ClCompile Include="CObjButton.cpp">
      <Filter>소스 파일\OBJ</Filter>
    </ClCompile>
    <ClCompile Include="CSceneStage.cpp">
      <Filter>소스 파일\SCENE</Filter>
    </ClCompile>
    <ClCompile Include="CScrollMgr.cpp">
      <Filter>소스 파일\MGR</Filter>
    </ClCompile>
    <ClCompile Include="CSceneTestUI.cpp">
      <Filter>소스 파일\SCENE</Filter>
    </ClCompile>
    <ClCompile Include="CObjMouse.cpp">
      <Filter>소스 파일\OBJ</Filter>
    </ClCompile>
    <ClCompile Include="CUIObjDbgPanel.cpp">
      <Filter>소스 파일\OBJ\UI_DBG_PANEL</Filter>
    </ClCompile>
    <ClCompile Include="CUIObjInfoDbgPanel.cpp">
      <Filter>소스 파일\OBJ\UI_DBG_PANEL</Filter>
    </ClCompile>
    <ClCompile Include="CUIObjListDbgPanel.cpp">
      <Filter>소스 파일\OBJ\UI_DBG_PANEL</Filter>
    </ClCompile>
    <ClCompile Include="CUIObjPanel.cpp">
      <Filter>소스 파일\OBJ\UI</Filter>
    </ClCompile>
    <ClCompile Include="CUIObjRectButton.cpp">
      <Filter>소스 파일\OBJ\UI</Filter>
    </ClCompile>
    <ClCompile Include="CUIObjSceneDbgPanel.cpp">
      <Filter>소스 파일\OBJ\UI_DBG_PANEL</Filter>
    </ClCompile>
    <ClCompile Include="CUIObjText.cpp">
      <Filter>소스 파일\OBJ\UI</Filter>
    </ClCompile>
    <ClCompile Include="CMouseEvent.h">
      <Filter>소스 파일\MGR</Filter>
    </ClCompile>
    <ClCompile Include="CUIObjBmpDbgPannel.cpp">
      <Filter>소스 파일\OBJ\UI_DBG_PANEL</Filter>
    </ClCompile>
    <ClCompile Include="CObjGrp.cpp">
      <Filter>소스 파일\OBJ</Filter>
    </ClCompile>
    <ClCompile Include="CCollisionMgr.cpp">
      <Filter>소스 파일\MGR</Filter>
    </ClCompile>
    <ClCompile Include="CCollisionEvent.h">
      <Filter>소스 파일\MGR</Filter>
    </ClCompile>
    <ClCompile Include="CObjSprite.cpp">
      <Filter>소스 파일\OBJ</Filter>
    </ClCompile>
    <ClCompile Include="CSceneTileEdit.cpp">
      <Filter>소스 파일\SCENE</Filter>
    </ClCompile>
    <ClCompile Include="CUIObjTileEditDbgPanel.cpp">
      <Filter>소스 파일\OBJ\UI_DBG_PANEL</Filter>
    </ClCompile>
    <ClCompile Include="CEditMgr.cpp">
      <Filter>소스 파일\MGR</Filter>
    </ClCompile>
    <ClCompile Include="CObjEditArea.cpp">
      <Filter>소스 파일\OBJ</Filter>
    </ClCompile>
    <ClCompile Include="CObjTile.cpp">
      <Filter>소스 파일\OBJ</Filter>
    </ClCompile>
    <ClCompile Include="CObjLine.cpp">
      <Filter>소스 파일\OBJ\LINE</Filter>
    </ClCompile>
    <ClCompile Include="CObjPlayer.cpp">
      <Filter>소스 파일\OBJ\PLAYER</Filter>
    </ClCompile>
    <ClCompile Include="CObjInputController.cpp">
      <Filter>소스 파일\OBJ\PLAYER</Filter>
    </ClCompile>
    <ClCompile Include="CObjDbgText.h">
      <Filter>소스 파일\MGR</Filter>
    </ClCompile>
    <ClCompile Include="CObjCollisionLine.cpp">
      <Filter>소스 파일\OBJ\LINE</Filter>
    </ClCompile>
    <ClCompile Include="CObjBossFireBird.cpp">
      <Filter>소스 파일\OBJ\BOSS</Filter>
    </ClCompile>
    <ClCompile Include="CObjThings.cpp">
      <Filter>소스 파일\OBJ\THINGS</Filter>
    </ClCompile>
    <ClCompile Include="CUIObjScrollDbgPanel.cpp">
      <Filter>소스 파일\OBJ\UI_DBG_PANEL</Filter>
    </ClCompile>
    <ClCompile Include="CObjMovable.cpp">
      <Filter>소스 파일\OBJ\PLAYER</Filter>
    </ClCompile>
    <ClCompile Include="CSceneLab.cpp">
      <Filter>소스 파일\SCENE</Filter>
    </ClCompile>
    <ClCompile Include="CObjCollisionRect.cpp">
      <Filter>소스 파일\OBJ\RECT</Filter>
    </ClCompile>
    <ClCompile Include="CObjRect.cpp">
      <Filter>소스 파일\OBJ\RECT</Filter>
    </ClCompile>
    <ClCompile Include="CObjGameUiChapterBtn.cpp">
      <Filter>소스 파일\OBJ\GAME_UI</Filter>
    </ClCompile>
    <ClCompile Include="CObjBossFireBirdWing.cpp">
      <Filter>소스 파일\OBJ\BOSS</Filter>
    </ClCompile>
    <ClCompile Include="CObjBossFireBirdGun.cpp">
      <Filter>소스 파일\OBJ\BOSS</Filter>
    </ClCompile>
    <ClCompile Include="CObjBg.cpp">
      <Filter>소스 파일\OBJ</Filter>
    </ClCompile>
    <ClCompile Include="CObjPlayerArm.cpp">
      <Filter>소스 파일\OBJ\PLAYER</Filter>
    </ClCompile>
    <ClCompile Include="CObjGrab.cpp">
      <Filter>소스 파일\OBJ\PLAYER</Filter>
    </ClCompile>
    <ClCompile Include="CObjChain.cpp">
      <Filter>소스 파일\OBJ\PLAYER</Filter>
    </ClCompile>
    <ClCompile Include="CObjHookGuide.cpp">
      <Filter>소스 파일\OBJ\PLAYER</Filter>
    </ClCompile>
    <ClCompile Include="CSceneLap2.cpp">
      <Filter>소스 파일\SCENE</Filter>
    </ClCompile>
    <ClCompile Include="CObjPlayerSprite.cpp">
      <Filter>소스 파일\OBJ\PLAYER</Filter>
    </ClCompile>
    <ClCompile Include="CObjBgBossBuilding.cpp">
      <Filter>소스 파일\OBJ\BOSS</Filter>
    </ClCompile>
    <ClCompile Include="CObjBgBossCloud.cpp">
      <Filter>소스 파일\OBJ\BOSS</Filter>
    </ClCompile>
    <ClCompile Include="CObjUnstableKnockbackPlatformA.cpp">
      <Filter>소스 파일\OBJ\BOSS</Filter>
    </ClCompile>
    <ClCompile Include="CObjBossFireBirdBomber.cpp">
      <Filter>소스 파일\OBJ\BOSS</Filter>
    </ClCompile>
    <ClCompile Include="CObjBossFirebirdBody.cpp">
      <Filter>소스 파일\OBJ\BOSS</Filter>
    </ClCompile>
    <ClCompile Include="CObjBossClusterAim.cpp">
      <Filter>소스 파일\OBJ\BOSS</Filter>
    </ClCompile>
    <ClCompile Include="CObjBossShootExplode.cpp">
      <Filter>소스 파일\OBJ\BOSS</Filter>
    </ClCompile>
    <ClCompile Include="CObjBossBullet.cpp">
      <Filter>소스 파일\OBJ\BOSS</Filter>
    </ClCompile>
    <ClCompile Include="CObjClusterBombExplode.cpp">
      <Filter>소스 파일\OBJ\BOSS</Filter>
    </ClCompile>
    <ClCompile Include="CObjBossBulletSprite.cpp">
      <Filter>소스 파일\OBJ\BOSS</Filter>
    </ClCompile>
    <ClCompile Include="CObjBossBodySlap.cpp">
      <Filter>소스 파일\OBJ\BOSS</Filter>
    </ClCompile>
    <ClCompile Include="CObjBossBodySlapAlert.cpp">
      <Filter>소스 파일\OBJ\BOSS</Filter>
    </ClCompile>
    <ClCompile Include="CObjClusterBombletExplode.cpp">
      <Filter>소스 파일\OBJ\BOSS</Filter>
    </ClCompile>
    <ClCompile Include="CObjUnstableKnockbackPlatformASprite.cpp">
      <Filter>소스 파일\OBJ\BOSS</Filter>
    </ClCompile>
    <ClCompile Include="CObjUnstableKnockbackPlatformABooster.cpp">
      <Filter>소스 파일\OBJ\BOSS</Filter>
    </ClCompile>
    <ClCompile Include="CObjBossBackHeli.cpp">
      <Filter>소스 파일\OBJ\BOSS</Filter>
    </ClCompile>
    <ClCompile Include="CObjPlayer2.cpp">
      <Filter>소스 파일\OBJ\PLAYER2</Filter>
    </ClCompile>
    <ClCompile Include="CObjPlayer2SNBSprite.cpp">
      <Filter>소스 파일\OBJ\PLAYER2</Filter>
    </ClCompile>
    <ClCompile Include="CObjPlayer2SNBARMSprite.cpp">
      <Filter>소스 파일\OBJ\PLAYER2</Filter>
    </ClCompile>
    <ClCompile Include="CObjPlayer2Grab.cpp">
      <Filter>소스 파일\OBJ\PLAYER2</Filter>
    </ClCompile>
    <ClCompile Include="CObjPlayer2GrabSprite.cpp">
      <Filter>소스 파일\OBJ\PLAYER2</Filter>
    </ClCompile>
    <ClCompile Include="CSoundMgr.cpp">
      <Filter>소스 파일\MGR</Filter>
    </ClCompile>
    <ClCompile Include="CKeyMgr2.cpp">
      <Filter>소스 파일\MGR</Filter>
    </ClCompile>
    <ClCompile Include="CObjBgTutoCloud.cpp">
      <Filter>소스 파일\OBJ\TUTO</Filter>
    </ClCompile>
    <ClCompile Include="CObjBgTutoMountain.cpp">
      <Filter>소스 파일\OBJ\TUTO</Filter>
    </ClCompile>
    <ClCompile Include="CObjTutoAni.cpp">
      <Filter>소스 파일\OBJ\TUTO</Filter>
    </ClCompile>
    <ClCompile Include="CSceneBoss.cpp">
      <Filter>소스 파일\SCENE\INGAME</Filter>
    </ClCompile>
    <ClCompile Include="CSceneTutorial.cpp">
      <Filter>소스 파일\SCENE\INGAME</Filter>
    </ClCompile>
    <ClCompile Include="CSceneMonster.cpp">
      <Filter>소스 파일\SCENE\INGAME</Filter>
    </ClCompile>
    <ClCompile Include="CObjMonster.cpp">
      <Filter>소스 파일\OBJ\MONSTER</Filter>
    </ClCompile>
    <ClCompile Include="CObjExplosionSprite.cpp">
      <Filter>소스 파일\OBJ\MONSTER</Filter>
    </ClCompile>
    <ClCompile Include="CObjMonsterBullet.cpp">
      <Filter>소스 파일\OBJ\MONSTER</Filter>
    </ClCompile>
    <ClCompile Include="CObjMonsterBulletSprite.cpp">
      <Filter>소스 파일\OBJ\MONSTER</Filter>
    </ClCompile>
    <ClCompile Include="CObjMonsterBulletBoomSprite.cpp">
      <Filter>소스 파일\OBJ\MONSTER</Filter>
    </ClCompile>
    <ClCompile Include="CObjMonsterDefender.cpp">
      <Filter>소스 파일\OBJ\MONSTER\Defender</Filter>
    </ClCompile>
    <ClCompile Include="CObjMonsterDefenderBullet.cpp">
      <Filter>소스 파일\OBJ\MONSTER\Defender</Filter>
    </ClCompile>
    <ClCompile Include="CObjMonsterDefenderBulletSprite.cpp">
      <Filter>소스 파일\OBJ\MONSTER\Defender</Filter>
    </ClCompile>
    <ClCompile Include="CObjMonsterDefenderSprite.cpp">
      <Filter>소스 파일\OBJ\MONSTER\Defender</Filter>
    </ClCompile>
    <ClCompile Include="CObjMonsterDaughter.cpp">
      <Filter>소스 파일\OBJ\MONSTER\Daughter</Filter>
    </ClCompile>
    <ClCompile Include="CObjMonsterDaughterSprite.cpp">
      <Filter>소스 파일\OBJ\MONSTER\Daughter</Filter>
    </ClCompile>
    <ClCompile Include="CObjMonsterDummyFloater.cpp">
      <Filter>소스 파일\OBJ\MONSTER\DummyFloater</Filter>
    </ClCompile>
    <ClCompile Include="CObjMonsterDummyFloaterSprite.cpp">
      <Filter>소스 파일\OBJ\MONSTER\DummyFloater</Filter>
    </ClCompile>
    <ClCompile Include="CObjMonsterDummyRobot.cpp">
      <Filter>소스 파일\OBJ\MONSTER\DummyRobot</Filter>
    </ClCompile>
    <ClCompile Include="CObjMonsterDummyRobotSprite.cpp">
      <Filter>소스 파일\OBJ\MONSTER\DummyRobot</Filter>
    </ClCompile>
    <ClCompile Include="CObjMonsterFloatingBomb.cpp">
      <Filter>소스 파일\OBJ\MONSTER\FloatingBomb</Filter>
    </ClCompile>
    <ClCompile Include="CObjMonsterFloatingBombHugeExplodeSprite.cpp">
      <Filter>소스 파일\OBJ\MONSTER\FloatingBomb</Filter>
    </ClCompile>
    <ClCompile Include="CObjMonsterFloatingBombSprite.cpp">
      <Filter>소스 파일\OBJ\MONSTER\FloatingBomb</Filter>
    </ClCompile>
    <ClCompile Include="CObjMonsterSurveyDrone.cpp">
      <Filter>소스 파일\OBJ\MONSTER\SurveyDrone</Filter>
    </ClCompile>
    <ClCompile Include="CObjMonsterSurveyDroneSprite.cpp">
      <Filter>소스 파일\OBJ\MONSTER\SurveyDrone</Filter>
    </ClCompile>
    <ClCompile Include="CObjMonsterTrooper.cpp">
      <Filter>소스 파일\OBJ\MONSTER\Trooper</Filter>
    </ClCompile>
    <ClCompile Include="CObjMonsterTrooperSprite.cpp">
      <Filter>소스 파일\OBJ\MONSTER\Trooper</Filter>
    </ClCompile>
    <ClCompile Include="CObjMonsterWarrior.cpp">
      <Filter>소스 파일\OBJ\MONSTER\Warrior</Filter>
    </ClCompile>
    <ClCompile Include="CObjMonsterWarriorSprite.cpp">
      <Filter>소스 파일\OBJ\MONSTER\Warrior</Filter>
    </ClCompile>
    <ClCompile Include="CObjMonsterMapBG.cpp">
      <Filter>소스 파일\OBJ</Filter>
    </ClCompile>
    <ClCompile Include="CObjTrigger.cpp">
      <Filter>소스 파일\OBJ</Filter>
    </ClCompile>
    <ClCompile Include="CSceneMenu.cpp">
      <Filter>소스 파일\SCENE\INGAME</Filter>
    </ClCompile>
    <ClCompile Include="CGameStorageMgr.cpp">
      <Filter>소스 파일\MGR</Filter>
    </ClCompile>
    <ClCompile Include="CSceneLogo.cpp">
      <Filter>소스 파일\SCENE\INGAME</Filter>
    </ClCompile>
  </ItemGroup>
  <ItemGroup>
    <ResourceCompile Include="Start.rc">
      <Filter>리소스 파일</Filter>
    </ResourceCompile>
  </ItemGroup>
  <ItemGroup>
    <Image Include="small.ico">
      <Filter>리소스 파일</Filter>
    </Image>
    <Image Include="Start.ico">
      <Filter>리소스 파일</Filter>
    </Image>
  </ItemGroup>
  <ItemGroup>
    <Text Include="MEMO.txt" />
  </ItemGroup>
</Project>